
Microsoft Visual Studio Solution File, Format Version 12.00
# Visual Studio 15
VisualStudioVersion = 15.0.26730.16
MinimumVisualStudioVersion = 10.0.40219.1
Project("{FAE04EC0-301F-11D3-BF4B-00C04F79EFBC}") = "Projekt", "Projekt\Projekt.csproj", "{3ECB0C6A-DD9A-4996-B926-C592812B1530}"
EndProject
Project("{FAE04EC0-301F-11D3-BF4B-00C04F79EFBC}") = "Database", "Database\Database.csproj", "{1A81AF1E-57A8-4ED0-A932-A25AB021BB61}"
EndProject
Global
	GlobalSection(SolutionConfigurationPlatforms) = preSolution
		Debug|Any CPU = Debug|Any CPU
		Release|Any CPU = Release|Any CPU
	EndGlobalSection
	GlobalSection(ProjectConfigurationPlatforms) = postSolution
		{3ECB0C6A-DD9A-4996-B926-C592812B1530}.Debug|Any CPU.ActiveCfg = Debug|Any CPU
		{3ECB0C6A-DD9A-4996-B926-C592812B1530}.Debug|Any CPU.Build.0 = Debug|Any CPU
		{3ECB0C6A-DD9A-4996-B926-C592812B1530}.Release|Any CPU.ActiveCfg = Release|Any CPU
		{3ECB0C6A-DD9A-4996-B926-C592812B1530}.Release|Any CPU.Build.0 = Release|Any CPU
		{1A81AF1E-57A8-4ED0-A932-A25AB021BB61}.Debug|Any CPU.ActiveCfg = Debug|Any CPU
		{1A81AF1E-57A8-4ED0-A932-A25AB021BB61}.Debug|Any CPU.Build.0 = Debug|Any CPU
		{1A81AF1E-57A8-4ED0-A932-A25AB021BB61}.Release|Any CPU.ActiveCfg = Release|Any CPU
		{1A81AF1E-57A8-4ED0-A932-A25AB021BB61}.Release|Any CPU.Build.0 = Release|Any CPU
	EndGlobalSection
	GlobalSection(SolutionProperties) = preSolution
		HideSolutionNode = FALSE
	EndGlobalSection
	GlobalSection(ExtensibilityGlobals) = postSolution
		SolutionGuid = {E5DC0AA9-5E7D-4C15-AD64-E95A5F5E0B18}
	EndGlobalSection
EndGlobal
